// !$*UTF8*$!
{
	archiveVersion = 1;
	classes = {
	};
	objectVersion = 46;
	objects = {

/* Begin PBXBuildFile section */
		6CC6C9101A551D6100C14310 /* Kakao.h in CopyFiles */ = {isa = PBXBuildFile; fileRef = 6CC6C90F1A551D6100C14310 /* Kakao.h */; };
		6CC6C9121A551D6100C14310 /* Kakao.m in Sources */ = {isa = PBXBuildFile; fileRef = 6CC6C9111A551D6100C14310 /* Kakao.m */; };
		6CC6C9181A551D6100C14310 /* libKakao.a in Frameworks */ = {isa = PBXBuildFile; fileRef = 6CC6C90C1A551D6100C14310 /* libKakao.a */; };
/* End PBXBuildFile section */

/* Begin PBXContainerItemProxy section */
		6CC6C9191A551D6100C14310 /* PBXContainerItemProxy */ = {
			isa = PBXContainerItemProxy;
			containerPortal = 6CC6C9041A551D6100C14310 /* Project object */;
			proxyType = 1;
			remoteGlobalIDString = 6CC6C90B1A551D6100C14310;
			remoteInfo = Kakao;
		};
/* End PBXContainerItemProxy section */

/* Begin PBXCopyFilesBuildPhase section */
		6CC6C90A1A551D6100C14310 /* CopyFiles */ = {
			isa = PBXCopyFilesBuildPhase;
			buildActionMask = 2147483647;
			dstPath = "include/$(PRODUCT_NAME)";
			dstSubfolderSpec = 16;
			files = (
				6CC6C9101A551D6100C14310 /* Kakao.h in CopyFiles */,
			);
			runOnlyForDeploymentPostprocessing = 0;
		};
/* End PBXCopyFilesBuildPhase section */

/* Begin PBXFileReference section */
		6CC6C90C1A551D6100C14310 /* libKakao.a */ = {isa = PBXFileReference; explicitFileType = archive.ar; includeInIndex = 0; path = libKakao.a; sourceTree = BUILT_PRODUCTS_DIR; };
		6CC6C90F1A551D6100C14310 /* Kakao.h */ = {isa = PBXFileReference; lastKnownFileType = sourcecode.c.h; path = Kakao.h; sourceTree = "<group>"; };
		6CC6C9111A551D6100C14310 /* Kakao.m */ = {isa = PBXFileReference; lastKnownFileType = sourcecode.c.objc; path = Kakao.m; sourceTree = "<group>"; };
		6CC6C9171A551D6100C14310 /* KakaoTests.xctest */ = {isa = PBXFileReference; explicitFileType = wrapper.cfbundle; includeInIndex = 0; path = KakaoTests.xctest; sourceTree = BUILT_PRODUCTS_DIR; };
		6CC6C91D1A551D6100C14310 /* Info.plist */ = {isa = PBXFileReference; lastKnownFileType = text.plist.xml; path = Info.plist; sourceTree = "<group>"; };
/* End PBXFileReference section */

/* Begin PBXFrameworksBuildPhase section */
		6CC6C9091A551D6100C14310 /* Frameworks */ = {
			isa = PBXFrameworksBuildPhase;
			buildActionMask = 2147483647;
			files = (
			);
			runOnlyForDeploymentPostprocessing = 0;
		};
		6CC6C9141A551D6100C14310 /* Frameworks */ = {
			isa = PBXFrameworksBuildPhase;
			buildActionMask = 2147483647;
			files = (
				6CC6C9181A551D6100C14310 /* libKakao.a in Frameworks */,
			);
			runOnlyForDeploymentPostprocessing = 0;
		};
/* End PBXFrameworksBuildPhase section */

/* Begin PBXGroup section */
		6CC6C9031A551D6100C14310 = {
			isa = PBXGroup;
			children = (
				6CC6C90E1A551D6100C14310 /* Kakao */,
				6CC6C91B1A551D6100C14310 /* KakaoTests */,
				6CC6C90D1A551D6100C14310 /* Products */,
			);
			sourceTree = "<group>";
		};
		6CC6C90D1A551D6100C14310 /* Products */ = {
			isa = PBXGroup;
			children = (
				6CC6C90C1A551D6100C14310 /* libKakao.a */,
				6CC6C9171A551D6100C14310 /* KakaoTests.xctest */,
			);
			name = Products;
			sourceTree = "<group>";
		};
		6CC6C90E1A551D6100C14310 /* Kakao */ = {
			isa = PBXGroup;
			children = (
				6CC6C90F1A551D6100C14310 /* Kakao.h */,
				6CC6C9111A551D6100C14310 /* Kakao.m */,
			);
			path = Kakao;
			sourceTree = "<group>";
		};
		6CC6C91B1A551D6100C14310 /* KakaoTests */ = {
			isa = PBXGroup;
			children = (
				6CC6C91C1A551D6100C14310 /* Supporting Files */,
			);
			path = KakaoTests;
			sourceTree = "<group>";
		};
		6CC6C91C1A551D6100C14310 /* Supporting Files */ = {
			isa = PBXGroup;
			children = (
				6CC6C91D1A551D6100C14310 /* Info.plist */,
			);
			name = "Supporting Files";
			sourceTree = "<group>";
		};
/* End PBXGroup section */

/* Begin PBXNativeTarget section */
		6CC6C90B1A551D6100C14310 /* Kakao */ = {
			isa = PBXNativeTarget;
			buildConfigurationList = 6CC6C9201A551D6100C14310 /* Build configuration list for PBXNativeTarget "Kakao" */;
			buildPhases = (
				6CC6C9081A551D6100C14310 /* Sources */,
				6CC6C9091A551D6100C14310 /* Frameworks */,
				6CC6C90A1A551D6100C14310 /* CopyFiles */,
			);
			buildRules = (
			);
			dependencies = (
			);
			name = Kakao;
			productName = Kakao;
			productReference = 6CC6C90C1A551D6100C14310 /* libKakao.a */;
			productType = "com.apple.product-type.library.static";
		};
		6CC6C9161A551D6100C14310 /* KakaoTests */ = {
			isa = PBXNativeTarget;
			buildConfigurationList = 6CC6C9231A551D6100C14310 /* Build configuration list for PBXNativeTarget "KakaoTests" */;
			buildPhases = (
				6CC6C9131A551D6100C14310 /* Sources */,
				6CC6C9141A551D6100C14310 /* Frameworks */,
				6CC6C9151A551D6100C14310 /* Resources */,
			);
			buildRules = (
			);
			dependencies = (
				6CC6C91A1A551D6100C14310 /* PBXTargetDependency */,
			);
			name = KakaoTests;
			productName = KakaoTests;
			productReference = 6CC6C9171A551D6100C14310 /* KakaoTests.xctest */;
			productType = "com.apple.product-type.bundle.unit-test";
		};
/* End PBXNativeTarget section */

/* Begin PBXProject section */
		6CC6C9041A551D6100C14310 /* Project object */ = {
			isa = PBXProject;
			attributes = {
				LastUpgradeCheck = 0610;
				ORGANIZATIONNAME = choikangsik;
				TargetAttributes = {
					6CC6C90B1A551D6100C14310 = {
						CreatedOnToolsVersion = 6.1.1;
					};
					6CC6C9161A551D6100C14310 = {
						CreatedOnToolsVersion = 6.1.1;
					};
				};
			};
			buildConfigurationList = 6CC6C9071A551D6100C14310 /* Build configuration list for PBXProject "Kakao" */;
			compatibilityVersion = "Xcode 3.2";
			developmentRegion = English;
			hasScannedForEncodings = 0;
			knownRegions = (
				en,
			);
			mainGroup = 6CC6C9031A551D6100C14310;
			productRefGroup = 6CC6C90D1A551D6100C14310 /* Products */;
			projectDirPath = "";
			projectRoot = "";
			targets = (
				6CC6C90B1A551D6100C14310 /* Kakao */,
				6CC6C9161A551D6100C14310 /* KakaoTests */,
			);
		};
/* End PBXProject section */

/* Begin PBXResourcesBuildPhase section */
		6CC6C9151A551D6100C14310 /* Resources */ = {
			isa = PBXResourcesBuildPhase;
			buildActionMask = 2147483647;
			files = (
			);
			runOnlyForDeploymentPostprocessing = 0;
		};
/* End PBXResourcesBuildPhase section */

/* Begin PBXSourcesBuildPhase section */
		6CC6C9081A551D6100C14310 /* Sources */ = {
			isa = PBXSourcesBuildPhase;
			buildActionMask = 2147483647;
			files = (
				6CC6C9121A551D6100C14310 /* Kakao.m in Sources */,
			);
			runOnlyForDeploymentPostprocessing = 0;
		};
		6CC6C9131A551D6100C14310 /* Sources */ = {
			isa = PBXSourcesBuildPhase;
			buildActionMask = 2147483647;
			files = (
			);
			runOnlyForDeploymentPostprocessing = 0;
		};
/* End PBXSourcesBuildPhase section */

/* Begin PBXTargetDependency section */
		6CC6C91A1A551D6100C14310 /* PBXTargetDependency */ = {
			isa = PBXTargetDependency;
			target = 6CC6C90B1A551D6100C14310 /* Kakao */;
			targetProxy = 6CC6C9191A551D6100C14310 /* PBXContainerItemProxy */;
		};
/* End PBXTargetDependency section */

/* Begin XCBuildConfiguration section */
		6CC6C91E1A551D6100C14310 /* Debug */ = {
			isa = XCBuildConfiguration;
			buildSettings = {
				ALWAYS_SEARCH_USER_PATHS = NO;
				CLANG_CXX_LANGUAGE_STANDARD = "gnu++0x";
				CLANG_CXX_LIBRARY = "libc++";
				CLANG_ENABLE_MODULES = YES;
				CLANG_ENABLE_OBJC_ARC = YES;
				CLANG_WARN_BOOL_CONVERSION = YES;
				CLANG_WARN_CONSTANT_CONVERSION = YES;
				CLANG_WARN_DIRECT_OBJC_ISA_USAGE = YES_ERROR;
				CLANG_WARN_EMPTY_BODY = YES;
				CLANG_WARN_ENUM_CONVERSION = YES;
				CLANG_WARN_INT_CONVERSION = YES;
				CLANG_WARN_OBJC_ROOT_CLASS = YES_ERROR;
				CLANG_WARN_UNREACHABLE_CODE = YES;
				CLANG_WARN__DUPLICATE_METHOD_MATCH = YES;
				COPY_PHASE_STRIP = NO;
				ENABLE_STRICT_OBJC_MSGSEND = YES;
				GCC_C_LANGUAGE_STANDARD = gnu99;
				GCC_DYNAMIC_NO_PIC = NO;
				GCC_OPTIMIZATION_LEVEL = 0;
				GCC_PREPROCESSOR_DEFINITIONS = (
					"DEBUG=1",
					"$(inherited)",
				);
				GCC_SYMBOLS_PRIVATE_EXTERN = NO;
				GCC_WARN_64_TO_32_BIT_CONVERSION = YES;
				GCC_WARN_ABOUT_RETURN_TYPE = YES_ERROR;
				GCC_WARN_UNDECLARED_SELECTOR = YES;
				GCC_WARN_UNINITIALIZED_AUTOS = YES_AGGRESSIVE;
				GCC_WARN_UNUSED_FUNCTION = YES;
				GCC_WARN_UNUSED_VARIABLE = YES;
				IPHONEOS_DEPLOYMENT_TARGET = 8.1;
				MTL_ENABLE_DEBUG_INFO = YES;
				ONLY_ACTIVE_ARCH = YES;
				SDKROOT = iphoneos;
			};
			name = Debug;
		};
		6CC6C91F1A551D6100C14310 /* Release */ = {
			isa = XCBuildConfiguration;
			buildSettings = {
				ALWAYS_SEARCH_USER_PATHS = NO;
				CLANG_CXX_LANGUAGE_STANDARD = "gnu++0x";
				CLANG_CXX_LIBRARY = "libc++";
				CLANG_ENABLE_MODULES = YES;
				CLANG_ENABLE_OBJC_ARC = YES;
				CLANG_WARN_BOOL_CONVERSION = YES;
				CLANG_WARN_CONSTANT_CONVERSION = YES;
				CLANG_WARN_DIRECT_OBJC_ISA_USAGE = YES_ERROR;
				CLANG_WARN_EMPTY_BODY = YES;
				CLANG_WARN_ENUM_CONVERSION = YES;
				CLANG_WARN_INT_CONVERSION = YES;
				CLANG_WARN_OBJC_ROOT_CLASS = YES_ERROR;
				CLANG_WARN_UNREACHABLE_CODE = YES;
				CLANG_WARN__DUPLICATE_METHOD_MATCH = YES;
				COPY_PHASE_STRIP = YES;
				ENABLE_NS_ASSERTIONS = NO;
				ENABLE_STRICT_OBJC_MSGSEND = YES;
				GCC_C_LANGUAGE_STANDARD = gnu99;
				GCC_WARN_64_TO_32_BIT_CONVERSION = YES;
				GCC_WARN_ABOUT_RETURN_TYPE = YES_ERROR;
				GCC_WARN_UNDECLARED_SELECTOR = YES;
				GCC_WARN_UNINITIALIZED_AUTOS = YES_AGGRESSIVE;
				GCC_WARN_UNUSED_FUNCTION = YES;
				GCC_WARN_UNUSED_VARIABLE = YES;
				IPHONEOS_DEPLOYMENT_TARGET = 8.1;
				MTL_ENABLE_DEBUG_INFO = NO;
				SDKROOT = iphoneos;
				VALIDATE_PRODUCT = YES;
			};
			name = Release;
		};
		6CC6C9211A551D6100C14310 /* Debug */ = {
			isa = XCBuildConfiguration;
			buildSettings = {
				OTHER_LDFLAGS = "-ObjC";
				PRODUCT_NAME = "$(TARGET_NAME)";
				SKIP_INSTALL = YES;
			};
			name = Debug;
		};
		6CC6C9221A551D6100C14310 /* Release */ = {
			isa = XCBuildConfiguration;
			buildSettings = {
				OTHER_LDFLAGS = "-ObjC";
				PRODUCT_NAME = "$(TARGET_NAME)";
				SKIP_INSTALL = YES;
			};
			name = Release;
		};
		6CC6C9241A551D6100C14310 /* Debug */ = {
			isa = XCBuildConfiguration;
			buildSettings = {
				FRAMEWORK_SEARCH_PATHS = (
					"$(SDKROOT)/Developer/Library/Frameworks",
					"$(inherited)",
				);
				GCC_PREPROCESSOR_DEFINITIONS = (
					"DEBUG=1",
					"$(inherited)",
				);
				INFOPLIST_FILE = KakaoTests/Info.plist;
				LD_RUNPATH_SEARCH_PATHS = "$(inherited) @executable_path/Frameworks @loader_path/Frameworks";
				PRODUCT_NAME = "$(TARGET_NAME)";
			};
			name = Debug;
		};
		6CC6C9251A551D6100C14310 /* Release */ = {
			isa = XCBuildConfiguration;
			buildSettings = {
				FRAMEWORK_SEARCH_PATHS = (
					"$(SDKROOT)/Developer/Library/Frameworks",
					"$(inherited)",
				);
				INFOPLIST_FILE = KakaoTests/Info.plist;
				LD_RUNPATH_SEARCH_PATHS = "$(inherited) @executable_path/Frameworks @loader_path/Frameworks";
				PRODUCT_NAME = "$(TARGET_NAME)";
			};
			name = Release;
		};
/* End XCBuildConfiguration section */

/* Begin XCConfigurationList section */
		6CC6C9071A551D6100C14310 /* Build configuration list for PBXProject "Kakao" */ = {
			isa = XCConfigurationList;
			buildConfigurations = (
				6CC6C91E1A551D6100C14310 /* Debug */,
				6CC6C91F1A551D6100C14310 /* Release */,
			);
			defaultConfigurationIsVisible = 0;
			defaultConfigurationName = Release;
		};
		6CC6C9201A551D6100C14310 /* Build configuration list for PBXNativeTarget "Kakao" */ = {
			isa = XCConfigurationList;
			buildConfigurations = (
				6CC6C9211A551D6100C14310 /* Debug */,
				6CC6C9221A551D6100C14310 /* Release */,
			);
			defaultConfigurationIsVisible = 0;
		};
		6CC6C9231A551D6100C14310 /* Build configuration list for PBXNativeTarget "KakaoTests" */ = {
			isa = XCConfigurationList;
			buildConfigurations = (
				6CC6C9241A551D6100C14310 /* Debug */,
				6CC6C9251A551D6100C14310 /* Release */,
			);
			defaultConfigurationIsVisible = 0;
		};
/* End XCConfigurationList section */
	};
	rootObject = 6CC6C9041A551D6100C14310 /* Project object */;
}
